
Microsoft Visual Studio Solution File, Format Version 12.00
# Visual Studio 2013
VisualStudioVersion = 12.0.31101.0
MinimumVisualStudioVersion = 10.0.40219.1
Project("{8BC9CEB8-8B4A-11D0-8D11-00A0C91BC942}") = "Word Ladder", "Word Ladder\Word Ladder.vcxproj", "{D7AD01BC-37B9-4959-BBD2-68D859056AAD}"
EndProject
Global
	GlobalSection(SolutionConfigurationPlatforms) = preSolution
		Debug|Win32 = Debug|Win32
		Release|Win32 = Release|Win32
	EndGlobalSection
	GlobalSection(ProjectConfigurationPlatforms) = postSolution
		{D7AD01BC-37B9-4959-BBD2-68D859056AAD}.Debug|Win32.ActiveCfg = Debug|Win32
		{D7AD01BC-37B9-4959-BBD2-68D859056AAD}.Debug|Win32.Build.0 = Debug|Win32
		{D7AD01BC-37B9-4959-BBD2-68D859056AAD}.Release|Win32.ActiveCfg = Release|Win32
		{D7AD01BC-37B9-4959-BBD2-68D859056AAD}.Release|Win32.Build.0 = Release|Win32
	EndGlobalSection
	GlobalSection(SolutionProperties) = preSolution
		HideSolutionNode = FALSE
	EndGlobalSection
EndGlobal
