
Microsoft Visual Studio Solution File, Format Version 11.00
# Visual Studio 2010
Project("{8BC9CEB8-8B4A-11D0-8D11-00A0C91BC942}") = "AES加解密算法1", "AES加解密算法1\AES加解密算法1.vcxproj", "{8969D846-11F2-45FC-B8B0-8E99B6B9C222}"
EndProject
Global
	GlobalSection(SolutionConfigurationPlatforms) = preSolution
		Debug|Win32 = Debug|Win32
		Release|Win32 = Release|Win32
	EndGlobalSection
	GlobalSection(ProjectConfigurationPlatforms) = postSolution
		{8969D846-11F2-45FC-B8B0-8E99B6B9C222}.Debug|Win32.ActiveCfg = Debug|Win32
		{8969D846-11F2-45FC-B8B0-8E99B6B9C222}.Debug|Win32.Build.0 = Debug|Win32
		{8969D846-11F2-45FC-B8B0-8E99B6B9C222}.Release|Win32.ActiveCfg = Release|Win32
		{8969D846-11F2-45FC-B8B0-8E99B6B9C222}.Release|Win32.Build.0 = Release|Win32
	EndGlobalSection
	GlobalSection(SolutionProperties) = preSolution
		HideSolutionNode = FALSE
	EndGlobalSection
EndGlobal
