
Microsoft Visual Studio Solution File, Format Version 12.00
# Visual Studio 2013
VisualStudioVersion = 12.0.31101.0
MinimumVisualStudioVersion = 10.0.40219.1
Project("{8BC9CEB8-8B4A-11D0-8D11-00A0C91BC942}") = "Unique Paths", "Unique Paths\Unique Paths.vcxproj", "{C17F9767-9E7D-488C-92BF-8B29E43EB392}"
EndProject
Global
	GlobalSection(SolutionConfigurationPlatforms) = preSolution
		Debug|Win32 = Debug|Win32
		Release|Win32 = Release|Win32
	EndGlobalSection
	GlobalSection(ProjectConfigurationPlatforms) = postSolution
		{C17F9767-9E7D-488C-92BF-8B29E43EB392}.Debug|Win32.ActiveCfg = Debug|Win32
		{C17F9767-9E7D-488C-92BF-8B29E43EB392}.Debug|Win32.Build.0 = Debug|Win32
		{C17F9767-9E7D-488C-92BF-8B29E43EB392}.Release|Win32.ActiveCfg = Release|Win32
		{C17F9767-9E7D-488C-92BF-8B29E43EB392}.Release|Win32.Build.0 = Release|Win32
	EndGlobalSection
	GlobalSection(SolutionProperties) = preSolution
		HideSolutionNode = FALSE
	EndGlobalSection
EndGlobal
