
Microsoft Visual Studio Solution File, Format Version 12.00
# Visual Studio 2013
VisualStudioVersion = 12.0.31101.0
MinimumVisualStudioVersion = 10.0.40219.1
Project("{8BC9CEB8-8B4A-11D0-8D11-00A0C91BC942}") = "Course Schedule", "Course Schedule\Course Schedule.vcxproj", "{723A9576-E43E-4235-B691-4B3074EA6DFA}"
EndProject
Global
	GlobalSection(SolutionConfigurationPlatforms) = preSolution
		Debug|Win32 = Debug|Win32
		Release|Win32 = Release|Win32
	EndGlobalSection
	GlobalSection(ProjectConfigurationPlatforms) = postSolution
		{723A9576-E43E-4235-B691-4B3074EA6DFA}.Debug|Win32.ActiveCfg = Debug|Win32
		{723A9576-E43E-4235-B691-4B3074EA6DFA}.Debug|Win32.Build.0 = Debug|Win32
		{723A9576-E43E-4235-B691-4B3074EA6DFA}.Release|Win32.ActiveCfg = Release|Win32
		{723A9576-E43E-4235-B691-4B3074EA6DFA}.Release|Win32.Build.0 = Release|Win32
	EndGlobalSection
	GlobalSection(SolutionProperties) = preSolution
		HideSolutionNode = FALSE
	EndGlobalSection
EndGlobal
